
Microsoft Visual Studio Solution File, Format Version 12.00
# Visual Studio Version 16
VisualStudioVersion = 16.0.30804.86
MinimumVisualStudioVersion = 10.0.40219.1
Project("{FAE04EC0-301F-11D3-BF4B-00C04F79EFBC}") = "PryUserChaconPC", "PryUserChaconPC\PryUserChaconPC.csproj", "{CA35ECAA-C581-485D-BEE3-92C9C12CCAD6}"
EndProject
Global
	GlobalSection(SolutionConfigurationPlatforms) = preSolution
		Debug|Any CPU = Debug|Any CPU
		Release|Any CPU = Release|Any CPU
	EndGlobalSection
	GlobalSection(ProjectConfigurationPlatforms) = postSolution
		{CA35ECAA-C581-485D-BEE3-92C9C12CCAD6}.Debug|Any CPU.ActiveCfg = Debug|Any CPU
		{CA35ECAA-C581-485D-BEE3-92C9C12CCAD6}.Debug|Any CPU.Build.0 = Debug|Any CPU
		{CA35ECAA-C581-485D-BEE3-92C9C12CCAD6}.Release|Any CPU.ActiveCfg = Release|Any CPU
		{CA35ECAA-C581-485D-BEE3-92C9C12CCAD6}.Release|Any CPU.Build.0 = Release|Any CPU
	EndGlobalSection
	GlobalSection(SolutionProperties) = preSolution
		HideSolutionNode = FALSE
	EndGlobalSection
	GlobalSection(ExtensibilityGlobals) = postSolution
		SolutionGuid = {AA23415F-D843-412C-A445-9844EDFAC7A7}
	EndGlobalSection
EndGlobal
